{
  "requires": true,
  "lockfileVersion": 1,
  "dependencies": {
    "angular-gauge": {
      "version": "4.0.0",
      "resolved": "https://registry.npmjs.org/angular-gauge/-/angular-gauge-4.0.0.tgz",
      "integrity": "sha512-O7FVGiSleMRybZC8gPb2N5plRuB1gRvy438HZxr5CIQtI+OhKGho5ZTF3jEwkqWq3XZgCiElYd1Gq5FFHAuQCw==",
      "requires": {
        "svg-gauge": "^1.0.6",
        "tslib": "^2.0.0"
      }
    },
    "svg-gauge": {
      "version": "1.0.6",
      "resolved": "https://registry.npmjs.org/svg-gauge/-/svg-gauge-1.0.6.tgz",
      "integrity": "sha512-gRkznVhtS18eOM/GMPDXAvrLZOpqzNVDg4bFAPAEjiDKd1tZHFIe8Bwt3G6TFg/H+pFboetPPI+zoV+bOL26QQ=="
    },
    "tslib": {
      "version": "2.3.0",
      "resolved": "https://registry.npmjs.org/tslib/-/tslib-2.3.0.tgz",
      "integrity": "sha512-N82ooyxVNm6h1riLCoyS9e3fuJ3AMG2zIZs2Gd1ATcSFjSA23Q0fzjjZeh0jbJvWVDZ0cJT8yaNNaaXHzueNjg=="
    }
  }
}
